github.com/google/uuid v1.6.0 h1:NIvaJDMOsjHA8n1jAhLSgzrAzy1Hgr+hNrb57e+94F0=
github.com/google/uuid v1.6.0/go.mod h1:TIyPZe4MgqvfeYDBFedMoGGpEw/LqOeaOT+nhxU+yHo=
github.com/zoobz-io/capitan v1.0.2 h1:/NKAgntWeRIN4S0oaZJNk6qaYuDN/Gw68+81kLbkLrc=
github.com/zoobz-io/capitan v1.0.2/go.mod h1:tFqS6q99gRvgYBzvFIfJMDV1ukWU61H6ZB4HyZmiWuI=
github.com/zoobz-io/clockz v1.0.2 h1:7ejfwTlaeNaVlLWW0pl1ZHfsaq3Iwg5vCphrvJMDNXI=
github.com/zoobz-io/clockz v1.0.2/go.mod h1:kkUNGMtZ5r349253S1uOuLR/6YkC+qt8C8UIypFhn8o=
